
Microsoft Visual Studio Solution File, Format Version 12.00
# Visual Studio Version 16
VisualStudioVersion = 16.0.30804.86
MinimumVisualStudioVersion = 10.0.40219.1
Project("{2150E333-8FDC-42A3-9474-1A3956D46DE8}") = "src", "src", "{1D3BE4FB-9B45-4FB4-AF56-B1CD212C4E3D}"
EndProject
Project("{9A19103F-16F7-4668-BE54-9A1E7A4F7556}") = "CodingPlus.Core", "CodingPlus.Core\CodingPlus.Core.csproj", "{8337E1BB-8FA6-4C91-8D50-F36AD33E0CBC}"
EndProject
Project("{2150E333-8FDC-42A3-9474-1A3956D46DE8}") = "Tests", "Tests", "{F2246348-EAA1-4FA4-B41A-26D6FE701F8E}"
EndProject
Project("{9A19103F-16F7-4668-BE54-9A1E7A4F7556}") = "CodingPlus.Core.Test", "CodingPlus.Core.Test\CodingPlus.Core.Test.csproj", "{30533E86-209C-471C-AF12-B3666EA943F2}"
EndProject
Project("{2150E333-8FDC-42A3-9474-1A3956D46DE8}") = "Solution-Items", "Solution-Items", "{53040224-8E1A-4D9B-BCE4-88D29453BE9C}"
	ProjectSection(SolutionItems) = preProject
		git-version.yaml = git-version.yaml
		LICENSE.MIT = LICENSE.MIT
	EndProjectSection
EndProject
Global
	GlobalSection(SolutionConfigurationPlatforms) = preSolution
		Debug|Any CPU = Debug|Any CPU
		Release|Any CPU = Release|Any CPU
	EndGlobalSection
	GlobalSection(ProjectConfigurationPlatforms) = postSolution
		{8337E1BB-8FA6-4C91-8D50-F36AD33E0CBC}.Debug|Any CPU.ActiveCfg = Debug|Any CPU
		{8337E1BB-8FA6-4C91-8D50-F36AD33E0CBC}.Debug|Any CPU.Build.0 = Debug|Any CPU
		{8337E1BB-8FA6-4C91-8D50-F36AD33E0CBC}.Release|Any CPU.ActiveCfg = Release|Any CPU
		{8337E1BB-8FA6-4C91-8D50-F36AD33E0CBC}.Release|Any CPU.Build.0 = Release|Any CPU
		{30533E86-209C-471C-AF12-B3666EA943F2}.Debug|Any CPU.ActiveCfg = Debug|Any CPU
		{30533E86-209C-471C-AF12-B3666EA943F2}.Debug|Any CPU.Build.0 = Debug|Any CPU
		{30533E86-209C-471C-AF12-B3666EA943F2}.Release|Any CPU.ActiveCfg = Release|Any CPU
		{30533E86-209C-471C-AF12-B3666EA943F2}.Release|Any CPU.Build.0 = Release|Any CPU
	EndGlobalSection
	GlobalSection(SolutionProperties) = preSolution
		HideSolutionNode = FALSE
	EndGlobalSection
	GlobalSection(NestedProjects) = preSolution
		{8337E1BB-8FA6-4C91-8D50-F36AD33E0CBC} = {1D3BE4FB-9B45-4FB4-AF56-B1CD212C4E3D}
		{30533E86-209C-471C-AF12-B3666EA943F2} = {F2246348-EAA1-4FA4-B41A-26D6FE701F8E}
	EndGlobalSection
	GlobalSection(ExtensibilityGlobals) = postSolution
		SolutionGuid = {7CA2427C-9591-4AF1-93DB-7E35AA5DC07A}
	EndGlobalSection
EndGlobal
